
Microsoft Visual Studio Solution File, Format Version 12.00
# Visual Studio Version 17
VisualStudioVersion = 17.14.36212.18
MinimumVisualStudioVersion = 10.0.40219.1
Project("{FAE04EC0-301F-11D3-BF4B-00C04F79EFBC}") = "Document Storage System", "Document Storage System\Document Storage System.csproj", "{46087533-0ADF-4CF3-BBFE-A876EA3B8435}"
EndProject
Project("{2150E333-8FDC-42A3-9474-1A3956D46DE8}") = "Solution Items", "Solution Items", "{8EC462FD-D22E-90A8-E5CE-7E832BA40C5D}"
	ProjectSection(SolutionItems) = preProject
		.gitignore = .gitignore
	EndProjectSection
EndProject
Global
	GlobalSection(SolutionConfigurationPlatforms) = preSolution
		Debug|Any CPU = Debug|Any CPU
		Release|Any CPU = Release|Any CPU
	EndGlobalSection
	GlobalSection(ProjectConfigurationPlatforms) = postSolution
		{46087533-0ADF-4CF3-BBFE-A876EA3B8435}.Debug|Any CPU.ActiveCfg = Debug|Any CPU
		{46087533-0ADF-4CF3-BBFE-A876EA3B8435}.Debug|Any CPU.Build.0 = Debug|Any CPU
		{46087533-0ADF-4CF3-BBFE-A876EA3B8435}.Release|Any CPU.ActiveCfg = Release|Any CPU
		{46087533-0ADF-4CF3-BBFE-A876EA3B8435}.Release|Any CPU.Build.0 = Release|Any CPU
	EndGlobalSection
	GlobalSection(SolutionProperties) = preSolution
		HideSolutionNode = FALSE
	EndGlobalSection
	GlobalSection(ExtensibilityGlobals) = postSolution
		SolutionGuid = {D13BF4D8-1CE1-4F24-8FE2-3B49635DEC53}
	EndGlobalSection
EndGlobal
